
Microsoft Visual Studio Solution File, Format Version 12.00
# Visual Studio Version 17
VisualStudioVersion = 17.3.32929.385
MinimumVisualStudioVersion = 10.0.40219.1
Project("{FAE04EC0-301F-11D3-BF4B-00C04F79EFBC}") = "M17AB_Projeto_Diogo", "M17AB_Projeto_Diogo\M17AB_Projeto_Diogo.csproj", "{A1AA7678-ACD9-4C71-8FA9-C0D966A4EBA0}"
EndProject
Global
	GlobalSection(SolutionConfigurationPlatforms) = preSolution
		Debug|Any CPU = Debug|Any CPU
		Release|Any CPU = Release|Any CPU
	EndGlobalSection
	GlobalSection(ProjectConfigurationPlatforms) = postSolution
		{A1AA7678-ACD9-4C71-8FA9-C0D966A4EBA0}.Debug|Any CPU.ActiveCfg = Debug|Any CPU
		{A1AA7678-ACD9-4C71-8FA9-C0D966A4EBA0}.Debug|Any CPU.Build.0 = Debug|Any CPU
		{A1AA7678-ACD9-4C71-8FA9-C0D966A4EBA0}.Release|Any CPU.ActiveCfg = Release|Any CPU
		{A1AA7678-ACD9-4C71-8FA9-C0D966A4EBA0}.Release|Any CPU.Build.0 = Release|Any CPU
	EndGlobalSection
	GlobalSection(SolutionProperties) = preSolution
		HideSolutionNode = FALSE
	EndGlobalSection
	GlobalSection(ExtensibilityGlobals) = postSolution
		SolutionGuid = {D31A209D-C14B-4889-81F4-9C8A5361E978}
	EndGlobalSection
EndGlobal
